
Microsoft Visual Studio Solution File, Format Version 12.00
# Visual Studio Version 17
VisualStudioVersion = 17.13.35825.156 d17.13
MinimumVisualStudioVersion = 10.0.40219.1
Project("{FAE04EC0-301F-11D3-BF4B-00C04F79EFBC}") = "AulaHashSetESortedSer", "AulaHashSetESortedSer\AulaHashSetESortedSer.csproj", "{BBD38644-61F7-4207-837B-6CDF956E0E42}"
EndProject
Global
	GlobalSection(SolutionConfigurationPlatforms) = preSolution
		Debug|Any CPU = Debug|Any CPU
		Release|Any CPU = Release|Any CPU
	EndGlobalSection
	GlobalSection(ProjectConfigurationPlatforms) = postSolution
		{BBD38644-61F7-4207-837B-6CDF956E0E42}.Debug|Any CPU.ActiveCfg = Debug|Any CPU
		{BBD38644-61F7-4207-837B-6CDF956E0E42}.Debug|Any CPU.Build.0 = Debug|Any CPU
		{BBD38644-61F7-4207-837B-6CDF956E0E42}.Release|Any CPU.ActiveCfg = Release|Any CPU
		{BBD38644-61F7-4207-837B-6CDF956E0E42}.Release|Any CPU.Build.0 = Release|Any CPU
	EndGlobalSection
	GlobalSection(SolutionProperties) = preSolution
		HideSolutionNode = FALSE
	EndGlobalSection
	GlobalSection(ExtensibilityGlobals) = postSolution
		SolutionGuid = {92027D55-6C7C-44B3-B823-E32941B0F6EC}
	EndGlobalSection
EndGlobal
